{
  "requires": true,
  "lockfileVersion": 1,
  "dependencies": {
    "js-tokens": {
      "version": "4.0.0",
      "resolved": "https://registry.npmjs.org/js-tokens/-/js-tokens-4.0.0.tgz",
      "integrity": "sha512-RdJUflcE3cUzKiMqQgsCu06FPu9UdIJO0beYbPhHN4k6apgJtifcoCtT9bcxOpYBtpD2kCM6Sbzg4CausW/PKQ=="
    },
    "loose-envify": {
      "version": "1.4.0",
      "resolved": "https://registry.npmjs.org/loose-envify/-/loose-envify-1.4.0.tgz",
      "integrity": "sha512-lyuxPGr/Wfhrlem2CL/UcnUc1zcqKAImBDzukY7Y5F/yQiNdko6+fRLevlw1HgMySw7f611UIY408EtxRSoK3Q==",
      "requires": {
        "js-tokens": "^3.0.0 || ^4.0.0"
      }
    },
    "node_module": {
      "version": "0.0.0",
      "resolved": "https://registry.npmjs.org/node_module/-/node_module-0.0.0.tgz",
      "integrity": "sha1-Pcf9TMJTc7KQz951HtWfpXnMNsA="
    },
    "object-assign": {
      "version": "4.1.1",
      "resolved": "https://registry.npmjs.org/object-assign/-/object-assign-4.1.1.tgz",
      "integrity": "sha1-IQmtx5ZYh8/AXLvUQsrIv7s2CGM="
    },
    "prop-types": {
      "version": "15.7.2",
      "resolved": "https://registry.npmjs.org/prop-types/-/prop-types-15.7.2.tgz",
      "integrity": "sha512-8QQikdH7//R2vurIJSutZ1smHYTcLpRWEOlHnzcWHmBYrOGUysKwSsrC89BCiFj3CbrfJ/nXFdJepOVrY1GCHQ==",
      "requires": {
        "loose-envify": "^1.4.0",
        "object-assign": "^4.1.1",
        "react-is": "^16.8.1"
      }
    },
    "randombytes": {
      "version": "2.1.0",
      "resolved": "https://registry.npmjs.org/randombytes/-/randombytes-2.1.0.tgz",
      "integrity": "sha512-vYl3iOX+4CKUWuxGi9Ukhie6fsqXqS9FE2Zaic4tNFD2N2QQaXOMFbuKK4QmDHC0JO6B1Zp41J0LpT0oR68amQ==",
      "requires": {
        "safe-buffer": "^5.1.0"
      }
    },
    "react-is": {
      "version": "16.8.6",
      "resolved": "https://registry.npmjs.org/react-is/-/react-is-16.8.6.tgz",
      "integrity": "sha512-aUk3bHfZ2bRSVFFbbeVS4i+lNPZr3/WM5jT2J5omUVV1zzcs1nAaf3l51ctA5FFvCRbhrH0bdAsRRQddFJZPtA=="
    },
    "react-native-input-prompt": {
      "version": "1.0.0",
      "resolved": "https://registry.npmjs.org/react-native-input-prompt/-/react-native-input-prompt-1.0.0.tgz",
      "integrity": "sha512-xDXMD80KiJWb3sWQZpcsRfE5ZFTDXhwZPUmBPQNSvYI5l+0M4l5usHMcNNWubKZCL4Vg152cnEMtLLpjqRxAYg=="
    },
    "react-native-material-buttons": {
      "version": "0.5.0",
      "resolved": "https://registry.npmjs.org/react-native-material-buttons/-/react-native-material-buttons-0.5.0.tgz",
      "integrity": "sha1-qys+P8P1AMpxP1Hp11l4r/YCFSo=",
      "requires": {
        "prop-types": "^15.5.9",
        "react-native-material-ripple": "^0.7.0"
      },
      "dependencies": {
        "react-native-material-ripple": {
          "version": "0.7.5",
          "resolved": "https://registry.npmjs.org/react-native-material-ripple/-/react-native-material-ripple-0.7.5.tgz",
          "integrity": "sha1-4q9REGgFMvFK6jw6Q4JHvi/+9lk=",
          "requires": {
            "prop-types": "^15.5.10"
          }
        }
      }
    },
    "react-native-material-dropdown": {
      "version": "0.11.1",
      "resolved": "https://registry.npmjs.org/react-native-material-dropdown/-/react-native-material-dropdown-0.11.1.tgz",
      "integrity": "sha1-wP5DSo5heUHvkQukTS8HyPN1hP4=",
      "requires": {
        "prop-types": "^15.5.9",
        "react-native-material-buttons": "^0.5.0",
        "react-native-material-ripple": "^0.8.0",
        "react-native-material-textfield": "^0.12.0"
      }
    },
    "react-native-material-ripple": {
      "version": "0.8.0",
      "resolved": "https://registry.npmjs.org/react-native-material-ripple/-/react-native-material-ripple-0.8.0.tgz",
      "integrity": "sha1-uMJOb96iryoh6EaLH0CzVIMBni8=",
      "requires": {
        "prop-types": "^15.5.10"
      }
    },
    "react-native-material-textfield": {
      "version": "0.12.0",
      "resolved": "https://registry.npmjs.org/react-native-material-textfield/-/react-native-material-textfield-0.12.0.tgz",
      "integrity": "sha1-P7oZ12q4n2cFLIHgghUvwkPYKj8=",
      "requires": {
        "prop-types": "^15.5.9"
      }
    },
    "react-native-uuid": {
      "version": "1.4.9",
      "resolved": "https://registry.npmjs.org/react-native-uuid/-/react-native-uuid-1.4.9.tgz",
      "integrity": "sha1-pSZ0L4/d/mQUUAZVISyo0QnEAik=",
      "requires": {
        "randombytes": "^2.0.3"
      }
    },
    "safe-buffer": {
      "version": "5.1.2",
      "resolved": "https://registry.npmjs.org/safe-buffer/-/safe-buffer-5.1.2.tgz",
      "integrity": "sha512-Gd2UZBJDkXlY7GbJxfsE8/nvKkUEU1G38c1siN6QP6a9PT9MmHB8GnpscSmMJSoF8LOIrt8ud/wPtojys4G6+g=="
    }
  }
}
