{
  "requires": true,
  "lockfileVersion": 1,
  "dependencies": {
    "node_module": {
      "version": "0.0.0",
      "resolved": "https://registry.npmjs.org/node_module/-/node_module-0.0.0.tgz",
      "integrity": "sha1-Pcf9TMJTc7KQz951HtWfpXnMNsA="
    },
    "randombytes": {
      "version": "2.1.0",
      "resolved": "https://registry.npmjs.org/randombytes/-/randombytes-2.1.0.tgz",
      "integrity": "sha512-vYl3iOX+4CKUWuxGi9Ukhie6fsqXqS9FE2Zaic4tNFD2N2QQaXOMFbuKK4QmDHC0JO6B1Zp41J0LpT0oR68amQ==",
      "requires": {
        "safe-buffer": "^5.1.0"
      }
    },
    "react-native-input-prompt": {
      "version": "1.0.0",
      "resolved": "https://registry.npmjs.org/react-native-input-prompt/-/react-native-input-prompt-1.0.0.tgz",
      "integrity": "sha512-xDXMD80KiJWb3sWQZpcsRfE5ZFTDXhwZPUmBPQNSvYI5l+0M4l5usHMcNNWubKZCL4Vg152cnEMtLLpjqRxAYg=="
    },
    "react-native-uuid": {
      "version": "1.4.9",
      "resolved": "https://registry.npmjs.org/react-native-uuid/-/react-native-uuid-1.4.9.tgz",
      "integrity": "sha1-pSZ0L4/d/mQUUAZVISyo0QnEAik=",
      "requires": {
        "randombytes": "^2.0.3"
      }
    },
    "safe-buffer": {
      "version": "5.1.2",
      "resolved": "https://registry.npmjs.org/safe-buffer/-/safe-buffer-5.1.2.tgz",
      "integrity": "sha512-Gd2UZBJDkXlY7GbJxfsE8/nvKkUEU1G38c1siN6QP6a9PT9MmHB8GnpscSmMJSoF8LOIrt8ud/wPtojys4G6+g=="
    }
  }
}
